hash: 915f0969158be266bfc992019a35171e775890f0b3ac20f170e4693e42f984e9
updated: 2016-05-27T13:43:43.248730539-07:00
imports:
- name: github.com/barakmich/mmap-go
  version: c4bd255520e591ff7549ab916c59206da5735e56
- name: github.com/beorn7/perks
  version: 3ac7bf7a47d159a033b107610db8a1b6575507a4
  subpackages:
  - quantile
- name: github.com/cloudfoundry-incubator/candiedyaml
  version: 99c3df83b51532e3615f851d8c2dbb638f5313bf
- name: github.com/coreos/etcd
  version: d8f325dabf429c449e0beb8cde843d4a8f53211d
  subpackages:
  - clientv3
  - auth/authpb
  - etcdserver/api/v3rpc/rpctypes
  - etcdserver/etcdserverpb
  - mvcc/mvccpb
  - pkg/tlsutil
- name: github.com/coreos/go-systemd
  version: 4484981625c1a6a2ecb40a390fcb6a9bcfee76e3
  subpackages:
  - dbus
  - unit
  - journal
- name: github.com/coreos/pkg
  version: 160ae6282d8c48a33d8c150e4e4817fdef8a5cde
  subpackages:
  - capnslog
  - progressutil
- name: github.com/DeanThompson/ginpprof
  version: 18e555cdf1a9504a2fb2a42c112c7e4a79fc3853
- name: github.com/dustin/go-humanize
  version: e3794cb7db9f6341c34d725482182b85888bfc09
- name: github.com/ghodss/yaml
  version: e8e0db9016175449df0e9c4b6e6995a9433a395c
- name: github.com/gin-gonic/gin
  version: f931d1ea80ae95a6fc739213cdd9399bd2967fb6
  subpackages:
  - binding
  - render
- name: github.com/godbus/dbus
  version: 32c6cc29c14570de4cf6d7e7737d68fb2d01ad15
- name: github.com/gogo/protobuf
  version: c18eea6ad611eecf94a9ba38471f59706199409e
  subpackages:
  - gogoproto
  - proto
  - protoc-gen-gogo/descriptor
- name: github.com/golang/protobuf
  version: 9e6977f30c91c78396e719e164e57f9287fff42c
  subpackages:
  - proto
- name: github.com/inconshreveable/mousetrap
  version: 76626ae9c91c4f2a10f34cad8ce83ea42c93bb75
- name: github.com/kardianos/osext
  version: 29ae4ffbc9a6fe9fb2bc5029050ce6996ea1d3bc
- name: github.com/manucorporat/sse
  version: ee05b128a739a0fb76c7ebd3ae4810c1de808d6d
- name: github.com/mattn/go-runewidth
  version: d6bea18f789704b5f83375793155289da36a3c7f
- name: github.com/matttproud/golang_protobuf_extensions
  version: c12348ce28de40eed0136aa2b644d0ee0650e56c
  subpackages:
  - pbutil
- name: github.com/mdlayher/aoe
  version: 93865bec7a7ac43e1b688ea13dba8648c33bf8d7
- name: github.com/mdlayher/ethernet
  version: 28018267bba4d651e8e0fcbca8aae7c13f4ce4ae
- name: github.com/mdlayher/raw
  version: cb5e087c798a9e04245bda0846d7982464e6dc22
- name: github.com/olekukonko/tablewriter
  version: 8d0265a48283795806b872b4728c67bf5c777f20
- name: github.com/pborman/uuid
  version: c55201b036063326c5b1b89ccfe45a184973d073
- name: github.com/prometheus/client_golang
  version: 82a2759dc8465e2227a11f43d219c1c950112054
  subpackages:
  - prometheus
- name: github.com/prometheus/client_model
  version: fa8ad6fec33561be4280a8f0514318c79d7f6cb6
  subpackages:
  - go
- name: github.com/prometheus/common
  version: a6ab08426bb262e2d190097751f5cfd1cfdfd17d
  subpackages:
  - expfmt
  - internal/bitbucket.org/ww/goautoneg
  - model
- name: github.com/prometheus/procfs
  version: abf152e5f3e97f2fafac028d2cc06c1feb87ffa5
- name: github.com/RoaringBitmap/roaring
  version: db18267a1ca5d1d4c9a91c23d585b1ce8e255e45
- name: github.com/serialx/hashring
  version: 75d57fa264ad17fd929304dfdb02c8e278c5c01c
- name: github.com/spf13/cobra
  version: f368244301305f414206f889b1735a54cfc8bde8
- name: github.com/spf13/pflag
  version: cb88ea77998c3f024757528e3305022ab50b43be
- name: golang.org/x/crypto
  version: 5bcd134fee4dd1475da17714aac19c0aa0142e2f
  subpackages:
  - ssh/terminal
- name: golang.org/x/net
  version: f315505cf3349909cdf013ea56690da34e96a451
  subpackages:
  - context
  - http2
  - trace
  - http2/hpack
  - lex/httplex
  - internal/timeseries
- name: golang.org/x/time
  version: a4bde12657593d5e90d0533a3e4fd95e635124cb
  subpackages:
  - rate
- name: google.golang.org/grpc
  version: 8213ee577a465c1f314d85748fb29e4eeed59baf
  subpackages:
  - credentials
  - grpclog
  - metadata
  - codes
  - internal
  - naming
  - transport
  - peer
- name: gopkg.in/go-playground/validator.v8
  version: c193cecd124b5cc722d7ee5538e945bdb3348435
- name: gopkg.in/yaml.v2
  version: a83829b6f1293c91addabc89d0571c246397bbf4
devImports: []
